
Microsoft Visual Studio Solution File, Format Version 12.00
# Visual Studio 2013
VisualStudioVersion = 12.0.21005.1
MinimumVisualStudioVersion = 10.0.40219.1
Project("{FAE04EC0-301F-11D3-BF4B-00C04F79EFBC}") = "BW8AGU.Samples.CSharp", "BW8AGU.Samples.CSharp\BW8AGU.Samples.CSharp.csproj", "{9381D807-D33B-44B1-A313-E840AA3FF136}"
EndProject
Project("{FAE04EC0-301F-11D3-BF4B-00C04F79EFBC}") = "SampleBackgroundTask", "SampleBackgroundTask\SampleBackgroundTask.csproj", "{0DE1E8B9-D6DB-4E5F-954D-BC5BBED7E088}"
EndProject
Global
	GlobalSection(TeamFoundationVersionControl) = preSolution
		SccNumberOfProjects = 3
		SccEnterpriseProvider = {4CA58AB2-18FA-4F8D-95D4-32DDF27D184C}
		SccTeamFoundationServer = https://turibbio.visualstudio.com/defaultcollection
		SccLocalPath0 = .
		SccProjectUniqueName1 = BW8AGU.Samples.CSharp\\BW8AGU.Samples.CSharp.csproj
		SccProjectName1 = BW8AGU.Samples.CSharp
		SccLocalPath1 = BW8AGU.Samples.CSharp
		SccProjectUniqueName2 = SampleBackgroundTask\\SampleBackgroundTask.csproj
		SccProjectName2 = SampleBackgroundTask
		SccLocalPath2 = SampleBackgroundTask
	EndGlobalSection
	GlobalSection(SolutionConfigurationPlatforms) = preSolution
		Debug|Any CPU = Debug|Any CPU
		Debug|ARM = Debug|ARM
		Debug|x64 = Debug|x64
		Debug|x86 = Debug|x86
		Release|Any CPU = Release|Any CPU
		Release|ARM = Release|ARM
		Release|x64 = Release|x64
		Release|x86 = Release|x86
	EndGlobalSection
	GlobalSection(ProjectConfigurationPlatforms) = postSolution
		{9381D807-D33B-44B1-A313-E840AA3FF136}.Debug|Any CPU.ActiveCfg = Debug|Any CPU
		{9381D807-D33B-44B1-A313-E840AA3FF136}.Debug|Any CPU.Build.0 = Debug|Any CPU
		{9381D807-D33B-44B1-A313-E840AA3FF136}.Debug|Any CPU.Deploy.0 = Debug|Any CPU
		{9381D807-D33B-44B1-A313-E840AA3FF136}.Debug|ARM.ActiveCfg = Debug|ARM
		{9381D807-D33B-44B1-A313-E840AA3FF136}.Debug|ARM.Build.0 = Debug|ARM
		{9381D807-D33B-44B1-A313-E840AA3FF136}.Debug|ARM.Deploy.0 = Debug|ARM
		{9381D807-D33B-44B1-A313-E840AA3FF136}.Debug|x64.ActiveCfg = Debug|x64
		{9381D807-D33B-44B1-A313-E840AA3FF136}.Debug|x64.Build.0 = Debug|x64
		{9381D807-D33B-44B1-A313-E840AA3FF136}.Debug|x64.Deploy.0 = Debug|x64
		{9381D807-D33B-44B1-A313-E840AA3FF136}.Debug|x86.ActiveCfg = Debug|x86
		{9381D807-D33B-44B1-A313-E840AA3FF136}.Debug|x86.Build.0 = Debug|x86
		{9381D807-D33B-44B1-A313-E840AA3FF136}.Debug|x86.Deploy.0 = Debug|x86
		{9381D807-D33B-44B1-A313-E840AA3FF136}.Release|Any CPU.ActiveCfg = Release|Any CPU
		{9381D807-D33B-44B1-A313-E840AA3FF136}.Release|Any CPU.Build.0 = Release|Any CPU
		{9381D807-D33B-44B1-A313-E840AA3FF136}.Release|Any CPU.Deploy.0 = Release|Any CPU
		{9381D807-D33B-44B1-A313-E840AA3FF136}.Release|ARM.ActiveCfg = Release|ARM
		{9381D807-D33B-44B1-A313-E840AA3FF136}.Release|ARM.Build.0 = Release|ARM
		{9381D807-D33B-44B1-A313-E840AA3FF136}.Release|ARM.Deploy.0 = Release|ARM
		{9381D807-D33B-44B1-A313-E840AA3FF136}.Release|x64.ActiveCfg = Release|x64
		{9381D807-D33B-44B1-A313-E840AA3FF136}.Release|x64.Build.0 = Release|x64
		{9381D807-D33B-44B1-A313-E840AA3FF136}.Release|x64.Deploy.0 = Release|x64
		{9381D807-D33B-44B1-A313-E840AA3FF136}.Release|x86.ActiveCfg = Release|x86
		{9381D807-D33B-44B1-A313-E840AA3FF136}.Release|x86.Build.0 = Release|x86
		{9381D807-D33B-44B1-A313-E840AA3FF136}.Release|x86.Deploy.0 = Release|x86
		{0DE1E8B9-D6DB-4E5F-954D-BC5BBED7E088}.Debug|Any CPU.ActiveCfg = Debug|Any CPU
		{0DE1E8B9-D6DB-4E5F-954D-BC5BBED7E088}.Debug|Any CPU.Build.0 = Debug|Any CPU
		{0DE1E8B9-D6DB-4E5F-954D-BC5BBED7E088}.Debug|ARM.ActiveCfg = Debug|ARM
		{0DE1E8B9-D6DB-4E5F-954D-BC5BBED7E088}.Debug|ARM.Build.0 = Debug|ARM
		{0DE1E8B9-D6DB-4E5F-954D-BC5BBED7E088}.Debug|x64.ActiveCfg = Debug|x64
		{0DE1E8B9-D6DB-4E5F-954D-BC5BBED7E088}.Debug|x64.Build.0 = Debug|x64
		{0DE1E8B9-D6DB-4E5F-954D-BC5BBED7E088}.Debug|x86.ActiveCfg = Debug|x86
		{0DE1E8B9-D6DB-4E5F-954D-BC5BBED7E088}.Debug|x86.Build.0 = Debug|x86
		{0DE1E8B9-D6DB-4E5F-954D-BC5BBED7E088}.Release|Any CPU.ActiveCfg = Release|Any CPU
		{0DE1E8B9-D6DB-4E5F-954D-BC5BBED7E088}.Release|Any CPU.Build.0 = Release|Any CPU
		{0DE1E8B9-D6DB-4E5F-954D-BC5BBED7E088}.Release|ARM.ActiveCfg = Release|ARM
		{0DE1E8B9-D6DB-4E5F-954D-BC5BBED7E088}.Release|ARM.Build.0 = Release|ARM
		{0DE1E8B9-D6DB-4E5F-954D-BC5BBED7E088}.Release|x64.ActiveCfg = Release|x64
		{0DE1E8B9-D6DB-4E5F-954D-BC5BBED7E088}.Release|x64.Build.0 = Release|x64
		{0DE1E8B9-D6DB-4E5F-954D-BC5BBED7E088}.Release|x86.ActiveCfg = Release|x86
		{0DE1E8B9-D6DB-4E5F-954D-BC5BBED7E088}.Release|x86.Build.0 = Release|x86
	EndGlobalSection
	GlobalSection(SolutionProperties) = preSolution
		HideSolutionNode = FALSE
	EndGlobalSection
EndGlobal
